
Microsoft Visual Studio Solution File, Format Version 12.00
# Visual Studio 15
Project("{FAE04EC0-301F-11D3-BF4B-00C04F79EFBC}") = "Assembly-CSharp", "Assembly-CSharp.csproj", "{31FBD67B-AAE1-6B21-C483-80449C3A2B58}"
EndProject
Project("{FAE04EC0-301F-11D3-BF4B-00C04F79EFBC}") = "Assembly-CSharp-firstpass", "Assembly-CSharp-firstpass.csproj", "{5689FE6C-D856-6AE9-7B99-AB725836E1E4}"
EndProject
Project("{FAE04EC0-301F-11D3-BF4B-00C04F79EFBC}") = "Assembly-CSharp-Editor-firstpass", "Assembly-CSharp-Editor-firstpass.csproj", "{65A9CD05-00A5-1D17-FAE5-10E003B7B547}"
EndProject
Global
	GlobalSection(SolutionConfigurationPlatforms) = preSolution
		Debug|Any CPU = Debug|Any CPU
		Release|Any CPU = Release|Any CPU
	EndGlobalSection
	GlobalSection(ProjectConfigurationPlatforms) = postSolution
		{31FBD67B-AAE1-6B21-C483-80449C3A2B58}.Debug|Any CPU.ActiveCfg = Debug|Any CPU
		{31FBD67B-AAE1-6B21-C483-80449C3A2B58}.Debug|Any CPU.Build.0 = Debug|Any CPU
		{31FBD67B-AAE1-6B21-C483-80449C3A2B58}.Release|Any CPU.ActiveCfg = Release|Any CPU
		{31FBD67B-AAE1-6B21-C483-80449C3A2B58}.Release|Any CPU.Build.0 = Release|Any CPU
		{5689FE6C-D856-6AE9-7B99-AB725836E1E4}.Debug|Any CPU.ActiveCfg = Debug|Any CPU
		{5689FE6C-D856-6AE9-7B99-AB725836E1E4}.Debug|Any CPU.Build.0 = Debug|Any CPU
		{5689FE6C-D856-6AE9-7B99-AB725836E1E4}.Release|Any CPU.ActiveCfg = Release|Any CPU
		{5689FE6C-D856-6AE9-7B99-AB725836E1E4}.Release|Any CPU.Build.0 = Release|Any CPU
		{65A9CD05-00A5-1D17-FAE5-10E003B7B547}.Debug|Any CPU.ActiveCfg = Debug|Any CPU
		{65A9CD05-00A5-1D17-FAE5-10E003B7B547}.Debug|Any CPU.Build.0 = Debug|Any CPU
		{65A9CD05-00A5-1D17-FAE5-10E003B7B547}.Release|Any CPU.ActiveCfg = Release|Any CPU
		{65A9CD05-00A5-1D17-FAE5-10E003B7B547}.Release|Any CPU.Build.0 = Release|Any CPU
	EndGlobalSection
	GlobalSection(SolutionProperties) = preSolution
		HideSolutionNode = FALSE
	EndGlobalSection
EndGlobal
